
Microsoft Visual Studio Solution File, Format Version 12.00
# Visual Studio Version 17
VisualStudioVersion = 17.3.32519.111
MinimumVisualStudioVersion = 10.0.40219.1
Project("{FAE04EC0-301F-11D3-BF4B-00C04F79EFBC}") = "Coffe", "Coffe\Coffe.csproj", "{D82627CF-1618-42C1-9154-285F3040CEA8}"
EndProject
Global
	GlobalSection(SolutionConfigurationPlatforms) = preSolution
		Debug|Any CPU = Debug|Any CPU
		Release|Any CPU = Release|Any CPU
	EndGlobalSection
	GlobalSection(ProjectConfigurationPlatforms) = postSolution
		{D82627CF-1618-42C1-9154-285F3040CEA8}.Debug|Any CPU.ActiveCfg = Debug|Any CPU
		{D82627CF-1618-42C1-9154-285F3040CEA8}.Debug|Any CPU.Build.0 = Debug|Any CPU
		{D82627CF-1618-42C1-9154-285F3040CEA8}.Release|Any CPU.ActiveCfg = Release|Any CPU
		{D82627CF-1618-42C1-9154-285F3040CEA8}.Release|Any CPU.Build.0 = Release|Any CPU
	EndGlobalSection
	GlobalSection(SolutionProperties) = preSolution
		HideSolutionNode = FALSE
	EndGlobalSection
	GlobalSection(ExtensibilityGlobals) = postSolution
		SolutionGuid = {CF206451-C948-47F7-9000-445C95ADA303}
	EndGlobalSection
EndGlobal
